
Microsoft Visual Studio Solution File, Format Version 12.00
# Visual Studio Version 17
VisualStudioVersion = 17.4.33103.184
MinimumVisualStudioVersion = 10.0.40219.1
Project("{FAE04EC0-301F-11D3-BF4B-00C04F79EFBC}") = "WeaponTest", "WeaponTest\WeaponTest.csproj", "{FB9EF279-0E09-497F-9270-89F44C312199}"
EndProject
Project("{FAE04EC0-301F-11D3-BF4B-00C04F79EFBC}") = "Weapon", "Weapon\Weapon.csproj", "{108CEE69-2AC8-4233-BFD0-35133E1A567F}"
EndProject
Global
	GlobalSection(SolutionConfigurationPlatforms) = preSolution
		Debug|Any CPU = Debug|Any CPU
		Release|Any CPU = Release|Any CPU
	EndGlobalSection
	GlobalSection(ProjectConfigurationPlatforms) = postSolution
		{FB9EF279-0E09-497F-9270-89F44C312199}.Debug|Any CPU.ActiveCfg = Debug|Any CPU
		{FB9EF279-0E09-497F-9270-89F44C312199}.Debug|Any CPU.Build.0 = Debug|Any CPU
		{FB9EF279-0E09-497F-9270-89F44C312199}.Release|Any CPU.ActiveCfg = Release|Any CPU
		{FB9EF279-0E09-497F-9270-89F44C312199}.Release|Any CPU.Build.0 = Release|Any CPU
		{108CEE69-2AC8-4233-BFD0-35133E1A567F}.Debug|Any CPU.ActiveCfg = Debug|Any CPU
		{108CEE69-2AC8-4233-BFD0-35133E1A567F}.Debug|Any CPU.Build.0 = Debug|Any CPU
		{108CEE69-2AC8-4233-BFD0-35133E1A567F}.Release|Any CPU.ActiveCfg = Release|Any CPU
		{108CEE69-2AC8-4233-BFD0-35133E1A567F}.Release|Any CPU.Build.0 = Release|Any CPU
	EndGlobalSection
	GlobalSection(SolutionProperties) = preSolution
		HideSolutionNode = FALSE
	EndGlobalSection
	GlobalSection(ExtensibilityGlobals) = postSolution
		SolutionGuid = {5692DD5B-4446-49DF-8994-AB1A469775F9}
	EndGlobalSection
EndGlobal
